// !$*UTF8*$!
{
	archiveVersion = 1;
	classes = {
	};
	objectVersion = 56;
	objects = {

/* Begin PBXBuildFile section */
		A65AF044293BA37C0042CD0F /* main.swift in Sources */ = {isa = PBXBuildFile; fileRef = A65AF043293BA37C0042CD0F /* main.swift */; };
		A65AF04B293BA4400042CD0F /* protocol.swift in Sources */ = {isa = PBXBuildFile; fileRef = A65AF04A293BA4400042CD0F /* protocol.swift */; };
		A65AF04D293BA6940042CD0F /* car.swift in Sources */ = {isa = PBXBuildFile; fileRef = A65AF04C293BA6940042CD0F /* car.swift */; };
		A65AF04F293F15100042CD0F /* structure.swift in Sources */ = {isa = PBXBuildFile; fileRef = A65AF04E293F15100042CD0F /* structure.swift */; };
		A65AF051293F18180042CD0F /* pickup.swift in Sources */ = {isa = PBXBuildFile; fileRef = A65AF050293F18180042CD0F /* pickup.swift */; };
		A65AF053293F182A0042CD0F /* jeep.swift in Sources */ = {isa = PBXBuildFile; fileRef = A65AF052293F182A0042CD0F /* jeep.swift */; };
		A65AF055293F183F0042CD0F /* crossover.swift in Sources */ = {isa = PBXBuildFile; fileRef = A65AF054293F183F0042CD0F /* crossover.swift */; };
		A65AF0572940A4E10042CD0F /* product.swift in Sources */ = {isa = PBXBuildFile; fileRef = A65AF0562940A4E10042CD0F /* product.swift */; };
		A65AF0592940B7560042CD0F /* food.swift in Sources */ = {isa = PBXBuildFile; fileRef = A65AF0582940B7560042CD0F /* food.swift */; };
		A65AF05B2940B7950042CD0F /* drinkable.swift in Sources */ = {isa = PBXBuildFile; fileRef = A65AF05A2940B7950042CD0F /* drinkable.swift */; };
		A65AF05D2940B8060042CD0F /* houseHold.swift in Sources */ = {isa = PBXBuildFile; fileRef = A65AF05C2940B8060042CD0F /* houseHold.swift */; };
		A65AF05F2940B84B0042CD0F /* appliances.swift in Sources */ = {isa = PBXBuildFile; fileRef = A65AF05E2940B84B0042CD0F /* appliances.swift */; };
/* End PBXBuildFile section */

/* Begin PBXCopyFilesBuildPhase section */
		A65AF03E293BA37C0042CD0F /* CopyFiles */ = {
			isa = PBXCopyFilesBuildPhase;
			buildActionMask = 2147483647;
			dstPath = /usr/share/man/man1/;
			dstSubfolderSpec = 0;
			files = (
			);
			runOnlyForDeploymentPostprocessing = 1;
		};
/* End PBXCopyFilesBuildPhase section */

/* Begin PBXFileReference section */
		A65AF040293BA37C0042CD0F /* 5thLesson 2ndMonth Home work */ = {isa = PBXFileReference; explicitFileType = "compiled.mach-o.executable"; includeInIndex = 0; path = "5thLesson 2ndMonth Home work"; sourceTree = BUILT_PRODUCTS_DIR; };
		A65AF043293BA37C0042CD0F /* main.swift */ = {isa = PBXFileReference; lastKnownFileType = sourcecode.swift; path = main.swift; sourceTree = "<group>"; };
		A65AF04A293BA4400042CD0F /* protocol.swift */ = {isa = PBXFileReference; lastKnownFileType = sourcecode.swift; path = protocol.swift; sourceTree = "<group>"; };
		A65AF04C293BA6940042CD0F /* car.swift */ = {isa = PBXFileReference; lastKnownFileType = sourcecode.swift; path = car.swift; sourceTree = "<group>"; };
		A65AF04E293F15100042CD0F /* structure.swift */ = {isa = PBXFileReference; lastKnownFileType = sourcecode.swift; path = structure.swift; sourceTree = "<group>"; };
		A65AF050293F18180042CD0F /* pickup.swift */ = {isa = PBXFileReference; lastKnownFileType = sourcecode.swift; path = pickup.swift; sourceTree = "<group>"; };
		A65AF052293F182A0042CD0F /* jeep.swift */ = {isa = PBXFileReference; lastKnownFileType = sourcecode.swift; path = jeep.swift; sourceTree = "<group>"; };
		A65AF054293F183F0042CD0F /* crossover.swift */ = {isa = PBXFileReference; lastKnownFileType = sourcecode.swift; path = crossover.swift; sourceTree = "<group>"; };
		A65AF0562940A4E10042CD0F /* product.swift */ = {isa = PBXFileReference; lastKnownFileType = sourcecode.swift; path = product.swift; sourceTree = "<group>"; };
		A65AF0582940B7560042CD0F /* food.swift */ = {isa = PBXFileReference; lastKnownFileType = sourcecode.swift; path = food.swift; sourceTree = "<group>"; };
		A65AF05A2940B7950042CD0F /* drinkable.swift */ = {isa = PBXFileReference; lastKnownFileType = sourcecode.swift; path = drinkable.swift; sourceTree = "<group>"; };
		A65AF05C2940B8060042CD0F /* houseHold.swift */ = {isa = PBXFileReference; lastKnownFileType = sourcecode.swift; path = houseHold.swift; sourceTree = "<group>"; };
		A65AF05E2940B84B0042CD0F /* appliances.swift */ = {isa = PBXFileReference; lastKnownFileType = sourcecode.swift; path = appliances.swift; sourceTree = "<group>"; };
/* End PBXFileReference section */

/* Begin PBXFrameworksBuildPhase section */
		A65AF03D293BA37C0042CD0F /* Frameworks */ = {
			isa = PBXFrameworksBuildPhase;
			buildActionMask = 2147483647;
			files = (
			);
			runOnlyForDeploymentPostprocessing = 0;
		};
/* End PBXFrameworksBuildPhase section */

/* Begin PBXGroup section */
		A65AF037293BA37C0042CD0F = {
			isa = PBXGroup;
			children = (
				A65AF042293BA37C0042CD0F /* 5thLesson 2ndMonth Home work */,
				A65AF041293BA37C0042CD0F /* Products */,
			);
			sourceTree = "<group>";
		};
		A65AF041293BA37C0042CD0F /* Products */ = {
			isa = PBXGroup;
			children = (
				A65AF040293BA37C0042CD0F /* 5thLesson 2ndMonth Home work */,
			);
			name = Products;
			sourceTree = "<group>";
		};
		A65AF042293BA37C0042CD0F /* 5thLesson 2ndMonth Home work */ = {
			isa = PBXGroup;
			children = (
				A65AF043293BA37C0042CD0F /* main.swift */,
				A65AF04A293BA4400042CD0F /* protocol.swift */,
				A65AF04E293F15100042CD0F /* structure.swift */,
				A65AF04C293BA6940042CD0F /* car.swift */,
				A65AF050293F18180042CD0F /* pickup.swift */,
				A65AF052293F182A0042CD0F /* jeep.swift */,
				A65AF054293F183F0042CD0F /* crossover.swift */,
				A65AF0562940A4E10042CD0F /* product.swift */,
				A65AF0582940B7560042CD0F /* food.swift */,
				A65AF05A2940B7950042CD0F /* drinkable.swift */,
				A65AF05C2940B8060042CD0F /* houseHold.swift */,
				A65AF05E2940B84B0042CD0F /* appliances.swift */,
			);
			path = "5thLesson 2ndMonth Home work";
			sourceTree = "<group>";
		};
/* End PBXGroup section */

/* Begin PBXNativeTarget section */
		A65AF03F293BA37C0042CD0F /* 5thLesson 2ndMonth Home work */ = {
			isa = PBXNativeTarget;
			buildConfigurationList = A65AF047293BA37C0042CD0F /* Build configuration list for PBXNativeTarget "5thLesson 2ndMonth Home work" */;
			buildPhases = (
				A65AF03C293BA37C0042CD0F /* Sources */,
				A65AF03D293BA37C0042CD0F /* Frameworks */,
				A65AF03E293BA37C0042CD0F /* CopyFiles */,
			);
			buildRules = (
			);
			dependencies = (
			);
			name = "5thLesson 2ndMonth Home work";
			productName = "5thLesson 2ndMonth Home work";
			productReference = A65AF040293BA37C0042CD0F /* 5thLesson 2ndMonth Home work */;
			productType = "com.apple.product-type.tool";
		};
/* End PBXNativeTarget section */

/* Begin PBXProject section */
		A65AF038293BA37C0042CD0F /* Project object */ = {
			isa = PBXProject;
			attributes = {
				BuildIndependentTargetsInParallel = 1;
				LastSwiftUpdateCheck = 1410;
				LastUpgradeCheck = 1410;
				TargetAttributes = {
					A65AF03F293BA37C0042CD0F = {
						CreatedOnToolsVersion = 14.1;
					};
				};
			};
			buildConfigurationList = A65AF03B293BA37C0042CD0F /* Build configuration list for PBXProject "5thLesson 2ndMonth Home work" */;
			compatibilityVersion = "Xcode 14.0";
			developmentRegion = en;
			hasScannedForEncodings = 0;
			knownRegions = (
				en,
				Base,
			);
			mainGroup = A65AF037293BA37C0042CD0F;
			productRefGroup = A65AF041293BA37C0042CD0F /* Products */;
			projectDirPath = "";
			projectRoot = "";
			targets = (
				A65AF03F293BA37C0042CD0F /* 5thLesson 2ndMonth Home work */,
			);
		};
/* End PBXProject section */

/* Begin PBXSourcesBuildPhase section */
		A65AF03C293BA37C0042CD0F /* Sources */ = {
			isa = PBXSourcesBuildPhase;
			buildActionMask = 2147483647;
			files = (
				A65AF05B2940B7950042CD0F /* drinkable.swift in Sources */,
				A65AF044293BA37C0042CD0F /* main.swift in Sources */,
				A65AF0572940A4E10042CD0F /* product.swift in Sources */,
				A65AF053293F182A0042CD0F /* jeep.swift in Sources */,
				A65AF05D2940B8060042CD0F /* houseHold.swift in Sources */,
				A65AF04D293BA6940042CD0F /* car.swift in Sources */,
				A65AF055293F183F0042CD0F /* crossover.swift in Sources */,
				A65AF0592940B7560042CD0F /* food.swift in Sources */,
				A65AF04B293BA4400042CD0F /* protocol.swift in Sources */,
				A65AF04F293F15100042CD0F /* structure.swift in Sources */,
				A65AF051293F18180042CD0F /* pickup.swift in Sources */,
				A65AF05F2940B84B0042CD0F /* appliances.swift in Sources */,
			);
			runOnlyForDeploymentPostprocessing = 0;
		};
/* End PBXSourcesBuildPhase section */

/* Begin XCBuildConfiguration section */
		A65AF045293BA37C0042CD0F /* Debug */ = {
			isa = XCBuildConfiguration;
			buildSettings = {
				ALWAYS_SEARCH_USER_PATHS = NO;
				CLANG_ANALYZER_NONNULL = YES;
				CLANG_ANALYZER_NUMBER_OBJECT_CONVERSION = YES_AGGRESSIVE;
				CLANG_CXX_LANGUAGE_STANDARD = "gnu++20";
				CLANG_ENABLE_MODULES = YES;
				CLANG_ENABLE_OBJC_ARC = YES;
				CLANG_ENABLE_OBJC_WEAK = YES;
				CLANG_WARN_BLOCK_CAPTURE_AUTORELEASING = YES;
				CLANG_WARN_BOOL_CONVERSION = YES;
				CLANG_WARN_COMMA = YES;
				CLANG_WARN_CONSTANT_CONVERSION = YES;
				CLANG_WARN_DEPRECATED_OBJC_IMPLEMENTATIONS = YES;
				CLANG_WARN_DIRECT_OBJC_ISA_USAGE = YES_ERROR;
				CLANG_WARN_DOCUMENTATION_COMMENTS = YES;
				CLANG_WARN_EMPTY_BODY = YES;
				CLANG_WARN_ENUM_CONVERSION = YES;
				CLANG_WARN_INFINITE_RECURSION = YES;
				CLANG_WARN_INT_CONVERSION = YES;
				CLANG_WARN_NON_LITERAL_NULL_CONVERSION = YES;
				CLANG_WARN_OBJC_IMPLICIT_RETAIN_SELF = YES;
				CLANG_WARN_OBJC_LITERAL_CONVERSION = YES;
				CLANG_WARN_OBJC_ROOT_CLASS = YES_ERROR;
				CLANG_WARN_QUOTED_INCLUDE_IN_FRAMEWORK_HEADER = YES;
				CLANG_WARN_RANGE_LOOP_ANALYSIS = YES;
				CLANG_WARN_STRICT_PROTOTYPES = YES;
				CLANG_WARN_SUSPICIOUS_MOVE = YES;
				CLANG_WARN_UNGUARDED_AVAILABILITY = YES_AGGRESSIVE;
				CLANG_WARN_UNREACHABLE_CODE = YES;
				CLANG_WARN__DUPLICATE_METHOD_MATCH = YES;
				COPY_PHASE_STRIP = NO;
				DEBUG_INFORMATION_FORMAT = dwarf;
				ENABLE_STRICT_OBJC_MSGSEND = YES;
				ENABLE_TESTABILITY = YES;
				GCC_C_LANGUAGE_STANDARD = gnu11;
				GCC_DYNAMIC_NO_PIC = NO;
				GCC_NO_COMMON_BLOCKS = YES;
				GCC_OPTIMIZATION_LEVEL = 0;
				GCC_PREPROCESSOR_DEFINITIONS = (
					"DEBUG=1",
					"$(inherited)",
				);
				GCC_WARN_64_TO_32_BIT_CONVERSION = YES;
				GCC_WARN_ABOUT_RETURN_TYPE = YES_ERROR;
				GCC_WARN_UNDECLARED_SELECTOR = YES;
				GCC_WARN_UNINITIALIZED_AUTOS = YES_AGGRESSIVE;
				GCC_WARN_UNUSED_FUNCTION = YES;
				GCC_WARN_UNUSED_VARIABLE = YES;
				MACOSX_DEPLOYMENT_TARGET = 13.0;
				MTL_ENABLE_DEBUG_INFO = INCLUDE_SOURCE;
				MTL_FAST_MATH = YES;
				ONLY_ACTIVE_ARCH = YES;
				SDKROOT = macosx;
				SWIFT_ACTIVE_COMPILATION_CONDITIONS = DEBUG;
				SWIFT_OPTIMIZATION_LEVEL = "-Onone";
			};
			name = Debug;
		};
		A65AF046293BA37C0042CD0F /* Release */ = {
			isa = XCBuildConfiguration;
			buildSettings = {
				ALWAYS_SEARCH_USER_PATHS = NO;
				CLANG_ANALYZER_NONNULL = YES;
				CLANG_ANALYZER_NUMBER_OBJECT_CONVERSION = YES_AGGRESSIVE;
				CLANG_CXX_LANGUAGE_STANDARD = "gnu++20";
				CLANG_ENABLE_MODULES = YES;
				CLANG_ENABLE_OBJC_ARC = YES;
				CLANG_ENABLE_OBJC_WEAK = YES;
				CLANG_WARN_BLOCK_CAPTURE_AUTORELEASING = YES;
				CLANG_WARN_BOOL_CONVERSION = YES;
				CLANG_WARN_COMMA = YES;
				CLANG_WARN_CONSTANT_CONVERSION = YES;
				CLANG_WARN_DEPRECATED_OBJC_IMPLEMENTATIONS = YES;
				CLANG_WARN_DIRECT_OBJC_ISA_USAGE = YES_ERROR;
				CLANG_WARN_DOCUMENTATION_COMMENTS = YES;
				CLANG_WARN_EMPTY_BODY = YES;
				CLANG_WARN_ENUM_CONVERSION = YES;
				CLANG_WARN_INFINITE_RECURSION = YES;
				CLANG_WARN_INT_CONVERSION = YES;
				CLANG_WARN_NON_LITERAL_NULL_CONVERSION = YES;
				CLANG_WARN_OBJC_IMPLICIT_RETAIN_SELF = YES;
				CLANG_WARN_OBJC_LITERAL_CONVERSION = YES;
				CLANG_WARN_OBJC_ROOT_CLASS = YES_ERROR;
				CLANG_WARN_QUOTED_INCLUDE_IN_FRAMEWORK_HEADER = YES;
				CLANG_WARN_RANGE_LOOP_ANALYSIS = YES;
				CLANG_WARN_STRICT_PROTOTYPES = YES;
				CLANG_WARN_SUSPICIOUS_MOVE = YES;
				CLANG_WARN_UNGUARDED_AVAILABILITY = YES_AGGRESSIVE;
				CLANG_WARN_UNREACHABLE_CODE = YES;
				CLANG_WARN__DUPLICATE_METHOD_MATCH = YES;
				COPY_PHASE_STRIP = NO;
				DEBUG_INFORMATION_FORMAT = "dwarf-with-dsym";
				ENABLE_NS_ASSERTIONS = NO;
				ENABLE_STRICT_OBJC_MSGSEND = YES;
				GCC_C_LANGUAGE_STANDARD = gnu11;
				GCC_NO_COMMON_BLOCKS = YES;
				GCC_WARN_64_TO_32_BIT_CONVERSION = YES;
				GCC_WARN_ABOUT_RETURN_TYPE = YES_ERROR;
				GCC_WARN_UNDECLARED_SELECTOR = YES;
				GCC_WARN_UNINITIALIZED_AUTOS = YES_AGGRESSIVE;
				GCC_WARN_UNUSED_FUNCTION = YES;
				GCC_WARN_UNUSED_VARIABLE = YES;
				MACOSX_DEPLOYMENT_TARGET = 13.0;
				MTL_ENABLE_DEBUG_INFO = NO;
				MTL_FAST_MATH = YES;
				SDKROOT = macosx;
				SWIFT_COMPILATION_MODE = wholemodule;
				SWIFT_OPTIMIZATION_LEVEL = "-O";
			};
			name = Release;
		};
		A65AF048293BA37C0042CD0F /* Debug */ = {
			isa = XCBuildConfiguration;
			buildSettings = {
				CODE_SIGN_STYLE = Automatic;
				DEVELOPMENT_TEAM = S64P7RB9D6;
				ENABLE_HARDENED_RUNTIME = YES;
				PRODUCT_NAME = "$(TARGET_NAME)";
				SWIFT_VERSION = 5.0;
			};
			name = Debug;
		};
		A65AF049293BA37C0042CD0F /* Release */ = {
			isa = XCBuildConfiguration;
			buildSettings = {
				CODE_SIGN_STYLE = Automatic;
				DEVELOPMENT_TEAM = S64P7RB9D6;
				ENABLE_HARDENED_RUNTIME = YES;
				PRODUCT_NAME = "$(TARGET_NAME)";
				SWIFT_VERSION = 5.0;
			};
			name = Release;
		};
/* End XCBuildConfiguration section */

/* Begin XCConfigurationList section */
		A65AF03B293BA37C0042CD0F /* Build configuration list for PBXProject "5thLesson 2ndMonth Home work" */ = {
			isa = XCConfigurationList;
			buildConfigurations = (
				A65AF045293BA37C0042CD0F /* Debug */,
				A65AF046293BA37C0042CD0F /* Release */,
			);
			defaultConfigurationIsVisible = 0;
			defaultConfigurationName = Release;
		};
		A65AF047293BA37C0042CD0F /* Build configuration list for PBXNativeTarget "5thLesson 2ndMonth Home work" */ = {
			isa = XCConfigurationList;
			buildConfigurations = (
				A65AF048293BA37C0042CD0F /* Debug */,
				A65AF049293BA37C0042CD0F /* Release */,
			);
			defaultConfigurationIsVisible = 0;
			defaultConfigurationName = Release;
		};
/* End XCConfigurationList section */
	};
	rootObject = A65AF038293BA37C0042CD0F /* Project object */;
}
